// !$*UTF8*$!
{
	archiveVersion = 1;
	classes = {
	};
	objectVersion = 56;
	objects = {

/* Begin PBXBuildFile section */
		2A16147E29B7645C005E999E /* AddCategoryDataManager.swift in Sources */ = {isa = PBXBuildFile; fileRef = 2A16147D29B7645C005E999E /* AddCategoryDataManager.swift */; };
		2A16148029B76891005E999E /* AddTransactionDatabaseService.swift in Sources */ = {isa = PBXBuildFile; fileRef = 2A16147F29B76891005E999E /* AddTransactionDatabaseService.swift */; };
		2A16148A29B8B586005E999E /* GetTransactionDataManager.swift in Sources */ = {isa = PBXBuildFile; fileRef = 2A16148929B8B586005E999E /* GetTransactionDataManager.swift */; };
		2A16148C29B8B780005E999E /* GetAllTransactionDatabase.swift in Sources */ = {isa = PBXBuildFile; fileRef = 2A16148B29B8B780005E999E /* GetAllTransactionDatabase.swift */; };
		2A16148F29BB0A36005E999E /* AnalysisDataContract.swift in Sources */ = {isa = PBXBuildFile; fileRef = 2A16148E29BB0A36005E999E /* AnalysisDataContract.swift */; };
		2A16149229BB0F60005E999E /* GetTransactionAnalysisDataManager.swift in Sources */ = {isa = PBXBuildFile; fileRef = 2A16149129BB0F60005E999E /* GetTransactionAnalysisDataManager.swift */; };
		2A16149729BB14F7005E999E /* GetTransactionAnalysisDatabase.swift in Sources */ = {isa = PBXBuildFile; fileRef = 2A16149629BB14F7005E999E /* GetTransactionAnalysisDatabase.swift */; };
		2A7B9F4B29C040A200A9BFAE /* UpdateTransactionDataManager.swift in Sources */ = {isa = PBXBuildFile; fileRef = 2A7B9F4A29C040A200A9BFAE /* UpdateTransactionDataManager.swift */; };
		2A7B9F4D29C048CD00A9BFAE /* UpdateTransactionDatabase.swift in Sources */ = {isa = PBXBuildFile; fileRef = 2A7B9F4C29C048CD00A9BFAE /* UpdateTransactionDatabase.swift */; };
		2A7B9F5529C0688900A9BFAE /* UpdateUser.swift in Sources */ = {isa = PBXBuildFile; fileRef = 2A7B9F5429C0688900A9BFAE /* UpdateUser.swift */; };
		2A7B9F5729C06C2600A9BFAE /* UpdateUserDataManager.swift in Sources */ = {isa = PBXBuildFile; fileRef = 2A7B9F5629C06C2600A9BFAE /* UpdateUserDataManager.swift */; };
		2A7B9F5929C0810300A9BFAE /* UpdateUserDatabase.swift in Sources */ = {isa = PBXBuildFile; fileRef = 2A7B9F5829C0810300A9BFAE /* UpdateUserDatabase.swift */; };
		2A7B9F5D29C09D9300A9BFAE /* DeleteTransaction.swift in Sources */ = {isa = PBXBuildFile; fileRef = 2A7B9F5C29C09D9300A9BFAE /* DeleteTransaction.swift */; };
		2A7B9F5F29C09FCE00A9BFAE /* DeleteTransactionDataManager.swift in Sources */ = {isa = PBXBuildFile; fileRef = 2A7B9F5E29C09FCE00A9BFAE /* DeleteTransactionDataManager.swift */; };
		2A7B9F6129C0A0E900A9BFAE /* DeleteTransactionDatabase.swift in Sources */ = {isa = PBXBuildFile; fileRef = 2A7B9F6029C0A0E900A9BFAE /* DeleteTransactionDatabase.swift */; };
		2A7B9F6929C18A8700A9BFAE /* Budget.swift in Sources */ = {isa = PBXBuildFile; fileRef = 2A7B9F6829C18A8700A9BFAE /* Budget.swift */; };
		2A7B9F6E29C1922200A9BFAE /* AddBudget.swift in Sources */ = {isa = PBXBuildFile; fileRef = 2A7B9F6D29C1922200A9BFAE /* AddBudget.swift */; };
		2A7B9F7129C1933200A9BFAE /* BudgetDataContract.swift in Sources */ = {isa = PBXBuildFile; fileRef = 2A7B9F7029C1933200A9BFAE /* BudgetDataContract.swift */; };
		2A7B9F7429C1949800A9BFAE /* AddBudgetDataManager.swift in Sources */ = {isa = PBXBuildFile; fileRef = 2A7B9F7329C1949800A9BFAE /* AddBudgetDataManager.swift */; };
		2A7B9F7729C195DF00A9BFAE /* AddBudgetDatabase.swift in Sources */ = {isa = PBXBuildFile; fileRef = 2A7B9F7629C195DF00A9BFAE /* AddBudgetDatabase.swift */; };
		2A7B9F7929C195F800A9BFAE /* BudgetDatabase.swift in Sources */ = {isa = PBXBuildFile; fileRef = 2A7B9F7829C195F800A9BFAE /* BudgetDatabase.swift */; };
		2A7B9F8229C1BD1B00A9BFAE /* AddMonthlyAnalysisTransaction.swift in Sources */ = {isa = PBXBuildFile; fileRef = 2A7B9F8129C1BD1B00A9BFAE /* AddMonthlyAnalysisTransaction.swift */; };
		2A7B9F8429C1BE8300A9BFAE /* AddMonthlyAnalysisTransactionDataManager.swift in Sources */ = {isa = PBXBuildFile; fileRef = 2A7B9F8329C1BE8300A9BFAE /* AddMonthlyAnalysisTransactionDataManager.swift */; };
		2A7B9F8629C1BF5F00A9BFAE /* AddMonthlyAnalysisTransactionDatabase.swift in Sources */ = {isa = PBXBuildFile; fileRef = 2A7B9F8529C1BF5F00A9BFAE /* AddMonthlyAnalysisTransactionDatabase.swift */; };
		2AA2454A29A8A2F4007BBE2D /* ExpenseTrackerBackend.h in Headers */ = {isa = PBXBuildFile; fileRef = 2AA2454929A8A2F4007BBE2D /* ExpenseTrackerBackend.h */; settings = {ATTRIBUTES = (Public, ); }; };
		2AA2456C29A8A630007BBE2D /* Database.swift in Sources */ = {isa = PBXBuildFile; fileRef = 2AA2456B29A8A630007BBE2D /* Database.swift */; };
		2AA2456E29A8A657007BBE2D /* UserDatabase.swift in Sources */ = {isa = PBXBuildFile; fileRef = 2AA2456D29A8A657007BBE2D /* UserDatabase.swift */; };
		2AA2457029A8A661007BBE2D /* AddUserDatabase.swift in Sources */ = {isa = PBXBuildFile; fileRef = 2AA2456F29A8A661007BBE2D /* AddUserDatabase.swift */; };
		2AA2457529A8A6B9007BBE2D /* UserSignInDataManager.swift in Sources */ = {isa = PBXBuildFile; fileRef = 2AA2457429A8A6B9007BBE2D /* UserSignInDataManager.swift */; };
		2AA2457729A8A6C8007BBE2D /* UserSignUpDataManager.swift in Sources */ = {isa = PBXBuildFile; fileRef = 2AA2457629A8A6C8007BBE2D /* UserSignUpDataManager.swift */; };
		2AA2457929A8A6F7007BBE2D /* DatabaseContract.swift in Sources */ = {isa = PBXBuildFile; fileRef = 2AA2457829A8A6F7007BBE2D /* DatabaseContract.swift */; };
		2AA2457E29A8A744007BBE2D /* User.swift in Sources */ = {isa = PBXBuildFile; fileRef = 2AA2457D29A8A744007BBE2D /* User.swift */; };
		2AA2458029A8A76D007BBE2D /* UserSignIn.swift in Sources */ = {isa = PBXBuildFile; fileRef = 2AA2457F29A8A76D007BBE2D /* UserSignIn.swift */; };
		2AA2458229A8A77A007BBE2D /* UserSignUp.swift in Sources */ = {isa = PBXBuildFile; fileRef = 2AA2458129A8A77A007BBE2D /* UserSignUp.swift */; };
		2AA2458729A8A7ED007BBE2D /* UserDataContract.swift in Sources */ = {isa = PBXBuildFile; fileRef = 2AA2458629A8A7ED007BBE2D /* UserDataContract.swift */; };
		2AA2458929ACAF75007BBE2D /* Transaction.swift in Sources */ = {isa = PBXBuildFile; fileRef = 2AA2458829ACAF75007BBE2D /* Transaction.swift */; };
		2AA2458B29ACAF7E007BBE2D /* Analysis.swift in Sources */ = {isa = PBXBuildFile; fileRef = 2AA2458A29ACAF7E007BBE2D /* Analysis.swift */; };
		2AA2458D29ACAF88007BBE2D /* ExpendatureCategory.swift in Sources */ = {isa = PBXBuildFile; fileRef = 2AA2458C29ACAF88007BBE2D /* ExpendatureCategory.swift */; };
		2AADAFE329AF3C8A00F7962D /* GetUserDatabase.swift in Sources */ = {isa = PBXBuildFile; fileRef = 2AADAFE229AF3C8A00F7962D /* GetUserDatabase.swift */; };
		2AADAFEF29B0CC1200F7962D /* AddTransactionDatabase.swift in Sources */ = {isa = PBXBuildFile; fileRef = 2AADAFEE29B0CC1200F7962D /* AddTransactionDatabase.swift */; };
		2AADAFF129B0CCBE00F7962D /* TransactionDatabase.swift in Sources */ = {isa = PBXBuildFile; fileRef = 2AADAFF029B0CCBE00F7962D /* TransactionDatabase.swift */; };
		2AADAFF329B1DE6700F7962D /* AddTransactionDataManager.swift in Sources */ = {isa = PBXBuildFile; fileRef = 2AADAFF229B1DE6700F7962D /* AddTransactionDataManager.swift */; };
		2AADAFF629B1E54A00F7962D /* TransactionDataContract.swift in Sources */ = {isa = PBXBuildFile; fileRef = 2AADAFF529B1E54A00F7962D /* TransactionDataContract.swift */; };
		2AADB00429B5FF9C00F7962D /* CategoryDataContract.swift in Sources */ = {isa = PBXBuildFile; fileRef = 2AADB00329B5FF9C00F7962D /* CategoryDataContract.swift */; };
		2AADB00729B604FC00F7962D /* GetCategoryDataManager.swift in Sources */ = {isa = PBXBuildFile; fileRef = 2AADB00629B604FC00F7962D /* GetCategoryDataManager.swift */; };
		2AADB00A29B618BA00F7962D /* GetCategoryDatabaseService.swift in Sources */ = {isa = PBXBuildFile; fileRef = 2AADB00929B618BA00F7962D /* GetCategoryDatabaseService.swift */; };
		2AADB00E29B6194000F7962D /* CategoryDatabase.swift in Sources */ = {isa = PBXBuildFile; fileRef = 2AADB00D29B6194000F7962D /* CategoryDatabase.swift */; };
		2AD9238D29ACC1F4009F206D /* AddTransaction.swift in Sources */ = {isa = PBXBuildFile; fileRef = 2AD9238C29ACC1F4009F206D /* AddTransaction.swift */; };
		2AD9238F29ACC201009F206D /* GetAllTransaction.swift in Sources */ = {isa = PBXBuildFile; fileRef = 2AD9238E29ACC201009F206D /* GetAllTransaction.swift */; };
		2AD9239929ACC2A3009F206D /* UpdateTransaction.swift in Sources */ = {isa = PBXBuildFile; fileRef = 2AD9239829ACC2A3009F206D /* UpdateTransaction.swift */; };
		2AD923A229ACC2F9009F206D /* GetTransationAnalysis.swift in Sources */ = {isa = PBXBuildFile; fileRef = 2AD923A129ACC2F9009F206D /* GetTransationAnalysis.swift */; };
		2AD923A729ACC33D009F206D /* GetCategory.swift in Sources */ = {isa = PBXBuildFile; fileRef = 2AD923A629ACC33D009F206D /* GetCategory.swift */; };
		2AD923A929ACC35A009F206D /* AddCategory.swift in Sources */ = {isa = PBXBuildFile; fileRef = 2AD923A829ACC35A009F206D /* AddCategory.swift */; };
		A1557BBBCFBC1271ED45BB20 /* Pods_ExpenseTrackerBackend.framework in Frameworks */ = {isa = PBXBuildFile; fileRef = 92609B08A001B65EC26D7F51 /* Pods_ExpenseTrackerBackend.framework */; };
/* End PBXBuildFile section */

/* Begin PBXFileReference section */
		23FC0F295655A2431F85905D /* Pods-ExpenseTrackerBackend.release.xcconfig */ = {isa = PBXFileReference; includeInIndex = 1; lastKnownFileType = text.xcconfig; name = "Pods-ExpenseTrackerBackend.release.xcconfig"; path = "Target Support Files/Pods-ExpenseTrackerBackend/Pods-ExpenseTrackerBackend.release.xcconfig"; sourceTree = "<group>"; };
		2A16147D29B7645C005E999E /* AddCategoryDataManager.swift */ = {isa = PBXFileReference; lastKnownFileType = sourcecode.swift; path = AddCategoryDataManager.swift; sourceTree = "<group>"; };
		2A16147F29B76891005E999E /* AddTransactionDatabaseService.swift */ = {isa = PBXFileReference; lastKnownFileType = sourcecode.swift; path = AddTransactionDatabaseService.swift; sourceTree = "<group>"; };
		2A16148929B8B586005E999E /* GetTransactionDataManager.swift */ = {isa = PBXFileReference; lastKnownFileType = sourcecode.swift; path = GetTransactionDataManager.swift; sourceTree = "<group>"; };
		2A16148B29B8B780005E999E /* GetAllTransactionDatabase.swift */ = {isa = PBXFileReference; lastKnownFileType = sourcecode.swift; path = GetAllTransactionDatabase.swift; sourceTree = "<group>"; };
		2A16148E29BB0A36005E999E /* AnalysisDataContract.swift */ = {isa = PBXFileReference; lastKnownFileType = sourcecode.swift; path = AnalysisDataContract.swift; sourceTree = "<group>"; };
		2A16149129BB0F60005E999E /* GetTransactionAnalysisDataManager.swift */ = {isa = PBXFileReference; lastKnownFileType = sourcecode.swift; path = GetTransactionAnalysisDataManager.swift; sourceTree = "<group>"; };
		2A16149629BB14F7005E999E /* GetTransactionAnalysisDatabase.swift */ = {isa = PBXFileReference; lastKnownFileType = sourcecode.swift; path = GetTransactionAnalysisDatabase.swift; sourceTree = "<group>"; };
		2A7B9F4A29C040A200A9BFAE /* UpdateTransactionDataManager.swift */ = {isa = PBXFileReference; lastKnownFileType = sourcecode.swift; path = UpdateTransactionDataManager.swift; sourceTree = "<group>"; };
		2A7B9F4C29C048CD00A9BFAE /* UpdateTransactionDatabase.swift */ = {isa = PBXFileReference; lastKnownFileType = sourcecode.swift; path = UpdateTransactionDatabase.swift; sourceTree = "<group>"; };
		2A7B9F5429C0688900A9BFAE /* UpdateUser.swift */ = {isa = PBXFileReference; lastKnownFileType = sourcecode.swift; path = UpdateUser.swift; sourceTree = "<group>"; };
		2A7B9F5629C06C2600A9BFAE /* UpdateUserDataManager.swift */ = {isa = PBXFileReference; lastKnownFileType = sourcecode.swift; path = UpdateUserDataManager.swift; sourceTree = "<group>"; };
		2A7B9F5829C0810300A9BFAE /* UpdateUserDatabase.swift */ = {isa = PBXFileReference; lastKnownFileType = sourcecode.swift; path = UpdateUserDatabase.swift; sourceTree = "<group>"; };
		2A7B9F5C29C09D9300A9BFAE /* DeleteTransaction.swift */ = {isa = PBXFileReference; lastKnownFileType = sourcecode.swift; path = DeleteTransaction.swift; sourceTree = "<group>"; };
		2A7B9F5E29C09FCE00A9BFAE /* DeleteTransactionDataManager.swift */ = {isa = PBXFileReference; lastKnownFileType = sourcecode.swift; path = DeleteTransactionDataManager.swift; sourceTree = "<group>"; };
		2A7B9F6029C0A0E900A9BFAE /* DeleteTransactionDatabase.swift */ = {isa = PBXFileReference; lastKnownFileType = sourcecode.swift; path = DeleteTransactionDatabase.swift; sourceTree = "<group>"; };
		2A7B9F6829C18A8700A9BFAE /* Budget.swift */ = {isa = PBXFileReference; lastKnownFileType = sourcecode.swift; path = Budget.swift; sourceTree = "<group>"; };
		2A7B9F6D29C1922200A9BFAE /* AddBudget.swift */ = {isa = PBXFileReference; lastKnownFileType = sourcecode.swift; path = AddBudget.swift; sourceTree = "<group>"; };
		2A7B9F7029C1933200A9BFAE /* BudgetDataContract.swift */ = {isa = PBXFileReference; lastKnownFileType = sourcecode.swift; path = BudgetDataContract.swift; sourceTree = "<group>"; };
		2A7B9F7329C1949800A9BFAE /* AddBudgetDataManager.swift */ = {isa = PBXFileReference; lastKnownFileType = sourcecode.swift; path = AddBudgetDataManager.swift; sourceTree = "<group>"; };
		2A7B9F7629C195DF00A9BFAE /* AddBudgetDatabase.swift */ = {isa = PBXFileReference; lastKnownFileType = sourcecode.swift; path = AddBudgetDatabase.swift; sourceTree = "<group>"; };
		2A7B9F7829C195F800A9BFAE /* BudgetDatabase.swift */ = {isa = PBXFileReference; lastKnownFileType = sourcecode.swift; path = BudgetDatabase.swift; sourceTree = "<group>"; };
		2A7B9F8129C1BD1B00A9BFAE /* AddMonthlyAnalysisTransaction.swift */ = {isa = PBXFileReference; lastKnownFileType = sourcecode.swift; path = AddMonthlyAnalysisTransaction.swift; sourceTree = "<group>"; };
		2A7B9F8329C1BE8300A9BFAE /* AddMonthlyAnalysisTransactionDataManager.swift */ = {isa = PBXFileReference; lastKnownFileType = sourcecode.swift; path = AddMonthlyAnalysisTransactionDataManager.swift; sourceTree = "<group>"; };
		2A7B9F8529C1BF5F00A9BFAE /* AddMonthlyAnalysisTransactionDatabase.swift */ = {isa = PBXFileReference; lastKnownFileType = sourcecode.swift; path = AddMonthlyAnalysisTransactionDatabase.swift; sourceTree = "<group>"; };
		2AA2454629A8A2F4007BBE2D /* ExpenseTrackerBackend.framework */ = {isa = PBXFileReference; explicitFileType = wrapper.framework; includeInIndex = 0; path = ExpenseTrackerBackend.framework; sourceTree = BUILT_PRODUCTS_DIR; };
		2AA2454929A8A2F4007BBE2D /* ExpenseTrackerBackend.h */ = {isa = PBXFileReference; lastKnownFileType = sourcecode.c.h; path = ExpenseTrackerBackend.h; sourceTree = "<group>"; };
		2AA2456B29A8A630007BBE2D /* Database.swift */ = {isa = PBXFileReference; lastKnownFileType = sourcecode.swift; path = Database.swift; sourceTree = "<group>"; };
		2AA2456D29A8A657007BBE2D /* UserDatabase.swift */ = {isa = PBXFileReference; lastKnownFileType = sourcecode.swift; path = UserDatabase.swift; sourceTree = "<group>"; };
		2AA2456F29A8A661007BBE2D /* AddUserDatabase.swift */ = {isa = PBXFileReference; lastKnownFileType = sourcecode.swift; path = AddUserDatabase.swift; sourceTree = "<group>"; };
		2AA2457429A8A6B9007BBE2D /* UserSignInDataManager.swift */ = {isa = PBXFileReference; lastKnownFileType = sourcecode.swift; path = UserSignInDataManager.swift; sourceTree = "<group>"; };
		2AA2457629A8A6C8007BBE2D /* UserSignUpDataManager.swift */ = {isa = PBXFileReference; lastKnownFileType = sourcecode.swift; path = UserSignUpDataManager.swift; sourceTree = "<group>"; };
		2AA2457829A8A6F7007BBE2D /* DatabaseContract.swift */ = {isa = PBXFileReference; lastKnownFileType = sourcecode.swift; path = DatabaseContract.swift; sourceTree = "<group>"; };
		2AA2457D29A8A744007BBE2D /* User.swift */ = {isa = PBXFileReference; lastKnownFileType = sourcecode.swift; path = User.swift; sourceTree = "<group>"; };
		2AA2457F29A8A76D007BBE2D /* UserSignIn.swift */ = {isa = PBXFileReference; lastKnownFileType = sourcecode.swift; path = UserSignIn.swift; sourceTree = "<group>"; };
		2AA2458129A8A77A007BBE2D /* UserSignUp.swift */ = {isa = PBXFileReference; lastKnownFileType = sourcecode.swift; path = UserSignUp.swift; sourceTree = "<group>"; };
		2AA2458629A8A7ED007BBE2D /* UserDataContract.swift */ = {isa = PBXFileReference; lastKnownFileType = sourcecode.swift; path = UserDataContract.swift; sourceTree = "<group>"; };
		2AA2458829ACAF75007BBE2D /* Transaction.swift */ = {isa = PBXFileReference; lastKnownFileType = sourcecode.swift; path = Transaction.swift; sourceTree = "<group>"; };
		2AA2458A29ACAF7E007BBE2D /* Analysis.swift */ = {isa = PBXFileReference; lastKnownFileType = sourcecode.swift; path = Analysis.swift; sourceTree = "<group>"; };
		2AA2458C29ACAF88007BBE2D /* ExpendatureCategory.swift */ = {isa = PBXFileReference; lastKnownFileType = sourcecode.swift; path = ExpendatureCategory.swift; sourceTree = "<group>"; };
		2AADAFE229AF3C8A00F7962D /* GetUserDatabase.swift */ = {isa = PBXFileReference; lastKnownFileType = sourcecode.swift; path = GetUserDatabase.swift; sourceTree = "<group>"; };
		2AADAFEE29B0CC1200F7962D /* AddTransactionDatabase.swift */ = {isa = PBXFileReference; lastKnownFileType = sourcecode.swift; path = AddTransactionDatabase.swift; sourceTree = "<group>"; };
		2AADAFF029B0CCBE00F7962D /* TransactionDatabase.swift */ = {isa = PBXFileReference; lastKnownFileType = sourcecode.swift; path = TransactionDatabase.swift; sourceTree = "<group>"; };
		2AADAFF229B1DE6700F7962D /* AddTransactionDataManager.swift */ = {isa = PBXFileReference; lastKnownFileType = sourcecode.swift; path = AddTransactionDataManager.swift; sourceTree = "<group>"; };
		2AADAFF529B1E54A00F7962D /* TransactionDataContract.swift */ = {isa = PBXFileReference; lastKnownFileType = sourcecode.swift; path = TransactionDataContract.swift; sourceTree = "<group>"; };
		2AADB00329B5FF9C00F7962D /* CategoryDataContract.swift */ = {isa = PBXFileReference; lastKnownFileType = sourcecode.swift; path = CategoryDataContract.swift; sourceTree = "<group>"; };
		2AADB00629B604FC00F7962D /* GetCategoryDataManager.swift */ = {isa = PBXFileReference; lastKnownFileType = sourcecode.swift; path = GetCategoryDataManager.swift; sourceTree = "<group>"; };
		2AADB00929B618BA00F7962D /* GetCategoryDatabaseService.swift */ = {isa = PBXFileReference; lastKnownFileType = sourcecode.swift; path = GetCategoryDatabaseService.swift; sourceTree = "<group>"; };
		2AADB00D29B6194000F7962D /* CategoryDatabase.swift */ = {isa = PBXFileReference; lastKnownFileType = sourcecode.swift; path = CategoryDatabase.swift; sourceTree = "<group>"; };
		2AD9238C29ACC1F4009F206D /* AddTransaction.swift */ = {isa = PBXFileReference; lastKnownFileType = sourcecode.swift; path = AddTransaction.swift; sourceTree = "<group>"; };
		2AD9238E29ACC201009F206D /* GetAllTransaction.swift */ = {isa = PBXFileReference; lastKnownFileType = sourcecode.swift; path = GetAllTransaction.swift; sourceTree = "<group>"; };
		2AD9239829ACC2A3009F206D /* UpdateTransaction.swift */ = {isa = PBXFileReference; lastKnownFileType = sourcecode.swift; path = UpdateTransaction.swift; sourceTree = "<group>"; };
		2AD923A129ACC2F9009F206D /* GetTransationAnalysis.swift */ = {isa = PBXFileReference; lastKnownFileType = sourcecode.swift; path = GetTransationAnalysis.swift; sourceTree = "<group>"; };
		2AD923A629ACC33D009F206D /* GetCategory.swift */ = {isa = PBXFileReference; lastKnownFileType = sourcecode.swift; path = GetCategory.swift; sourceTree = "<group>"; };
		2AD923A829ACC35A009F206D /* AddCategory.swift */ = {isa = PBXFileReference; lastKnownFileType = sourcecode.swift; path = AddCategory.swift; sourceTree = "<group>"; };
		6A4321E80BB61828A7CC51C5 /* Pods-ExpenseTrackerBackend.debug.xcconfig */ = {isa = PBXFileReference; includeInIndex = 1; lastKnownFileType = text.xcconfig; name = "Pods-ExpenseTrackerBackend.debug.xcconfig"; path = "Target Support Files/Pods-ExpenseTrackerBackend/Pods-ExpenseTrackerBackend.debug.xcconfig"; sourceTree = "<group>"; };
		92609B08A001B65EC26D7F51 /* Pods_ExpenseTrackerBackend.framework */ = {isa = PBXFileReference; explicitFileType = wrapper.framework; includeInIndex = 0; path = Pods_ExpenseTrackerBackend.framework; sourceTree = BUILT_PRODUCTS_DIR; };
/* End PBXFileReference section */

/* Begin PBXFrameworksBuildPhase section */
		2AA2454329A8A2F4007BBE2D /* Frameworks */ = {
			isa = PBXFrameworksBuildPhase;
			buildActionMask = 2147483647;
			files = (
				A1557BBBCFBC1271ED45BB20 /* Pods_ExpenseTrackerBackend.framework in Frameworks */,
			);
			runOnlyForDeploymentPostprocessing = 0;
		};
/* End PBXFrameworksBuildPhase section */

/* Begin PBXGroup section */
		2A7B9F6C29C1920100A9BFAE /* BudgetUsecase */ = {
			isa = PBXGroup;
			children = (
				2A7B9F6D29C1922200A9BFAE /* AddBudget.swift */,
			);
			path = BudgetUsecase;
			sourceTree = "<group>";
		};
		2AA2453C29A8A2F4007BBE2D = {
			isa = PBXGroup;
			children = (
				2AA2454829A8A2F4007BBE2D /* ExpenseTrackerBackend */,
				2AA2454729A8A2F4007BBE2D /* Products */,
				EFD4CE12575D8940ABDB8EA2 /* Pods */,
				C9F41DE2A9CCF56762C65A56 /* Frameworks */,
			);
			sourceTree = "<group>";
		};
		2AA2454729A8A2F4007BBE2D /* Products */ = {
			isa = PBXGroup;
			children = (
				2AA2454629A8A2F4007BBE2D /* ExpenseTrackerBackend.framework */,
			);
			name = Products;
			sourceTree = "<group>";
		};
		2AA2454829A8A2F4007BBE2D /* ExpenseTrackerBackend */ = {
			isa = PBXGroup;
			children = (
				2AA2456529A8A5C9007BBE2D /* Domain */,
				2AA2456429A8A5C0007BBE2D /* Data */,
				2AA2454929A8A2F4007BBE2D /* ExpenseTrackerBackend.h */,
			);
			path = ExpenseTrackerBackend;
			sourceTree = "<group>";
		};
		2AA2456429A8A5C0007BBE2D /* Data */ = {
			isa = PBXGroup;
			children = (
				2AA2456829A8A601007BBE2D /* DataManager */,
				2AA2456729A8A5F5007BBE2D /* Database */,
				2AA2456629A8A5ED007BBE2D /* Network */,
			);
			path = Data;
			sourceTree = "<group>";
		};
		2AA2456529A8A5C9007BBE2D /* Domain */ = {
			isa = PBXGroup;
			children = (
				2AA2457C29A8A738007BBE2D /* Entity */,
				2AA2457B29A8A726007BBE2D /* Usecase */,
				2AA2457A29A8A71B007BBE2D /* Contract */,
			);
			path = Domain;
			sourceTree = "<group>";
		};
		2AA2456629A8A5ED007BBE2D /* Network */ = {
			isa = PBXGroup;
			children = (
			);
			path = Network;
			sourceTree = "<group>";
		};
		2AA2456729A8A5F5007BBE2D /* Database */ = {
			isa = PBXGroup;
			children = (
				2A7B9F7829C195F800A9BFAE /* BudgetDatabase.swift */,
				2A7B9F7629C195DF00A9BFAE /* AddBudgetDatabase.swift */,
				2A16149629BB14F7005E999E /* GetTransactionAnalysisDatabase.swift */,
				2AADB00D29B6194000F7962D /* CategoryDatabase.swift */,
				2AADB00929B618BA00F7962D /* GetCategoryDatabaseService.swift */,
				2A16147F29B76891005E999E /* AddTransactionDatabaseService.swift */,
				2AADAFF029B0CCBE00F7962D /* TransactionDatabase.swift */,
				2AADAFEE29B0CC1200F7962D /* AddTransactionDatabase.swift */,
				2A16148B29B8B780005E999E /* GetAllTransactionDatabase.swift */,
				2A7B9F4C29C048CD00A9BFAE /* UpdateTransactionDatabase.swift */,
				2A7B9F6029C0A0E900A9BFAE /* DeleteTransactionDatabase.swift */,
				2A7B9F8529C1BF5F00A9BFAE /* AddMonthlyAnalysisTransactionDatabase.swift */,
				2AA2456D29A8A657007BBE2D /* UserDatabase.swift */,
				2AA2456F29A8A661007BBE2D /* AddUserDatabase.swift */,
				2AADAFE229AF3C8A00F7962D /* GetUserDatabase.swift */,
				2A7B9F5829C0810300A9BFAE /* UpdateUserDatabase.swift */,
				2AA2456B29A8A630007BBE2D /* Database.swift */,
			);
			path = Database;
			sourceTree = "<group>";
		};
		2AA2456829A8A601007BBE2D /* DataManager */ = {
			isa = PBXGroup;
			children = (
				2A7B9F7329C1949800A9BFAE /* AddBudgetDataManager.swift */,
				2A16149129BB0F60005E999E /* GetTransactionAnalysisDataManager.swift */,
				2AADB00629B604FC00F7962D /* GetCategoryDataManager.swift */,
				2A16147D29B7645C005E999E /* AddCategoryDataManager.swift */,
				2AA2457429A8A6B9007BBE2D /* UserSignInDataManager.swift */,
				2AA2457629A8A6C8007BBE2D /* UserSignUpDataManager.swift */,
				2A7B9F5629C06C2600A9BFAE /* UpdateUserDataManager.swift */,
				2AADAFF229B1DE6700F7962D /* AddTransactionDataManager.swift */,
				2A16148929B8B586005E999E /* GetTransactionDataManager.swift */,
				2A7B9F4A29C040A200A9BFAE /* UpdateTransactionDataManager.swift */,
				2A7B9F5E29C09FCE00A9BFAE /* DeleteTransactionDataManager.swift */,
				2A7B9F8329C1BE8300A9BFAE /* AddMonthlyAnalysisTransactionDataManager.swift */,
				2AA2457129A8A682007BBE2D /* Contract */,
			);
			path = DataManager;
			sourceTree = "<group>";
		};
		2AA2457129A8A682007BBE2D /* Contract */ = {
			isa = PBXGroup;
			children = (
				2AA2457829A8A6F7007BBE2D /* DatabaseContract.swift */,
			);
			path = Contract;
			sourceTree = "<group>";
		};
		2AA2457A29A8A71B007BBE2D /* Contract */ = {
			isa = PBXGroup;
			children = (
				2A7B9F7029C1933200A9BFAE /* BudgetDataContract.swift */,
				2A16148E29BB0A36005E999E /* AnalysisDataContract.swift */,
				2AADB00329B5FF9C00F7962D /* CategoryDataContract.swift */,
				2AADAFF529B1E54A00F7962D /* TransactionDataContract.swift */,
				2AA2458629A8A7ED007BBE2D /* UserDataContract.swift */,
			);
			path = Contract;
			sourceTree = "<group>";
		};
		2AA2457B29A8A726007BBE2D /* Usecase */ = {
			isa = PBXGroup;
			children = (
				2A7B9F6C29C1920100A9BFAE /* BudgetUsecase */,
				2AD923A529ACC31A009F206D /* CategoryUsecase */,
				2AD9239A29ACC2B1009F206D /* AnalysisUsecase */,
				2AA2458E29ACAFA7007BBE2D /* UserUsecase */,
				2AD9238B29ACC1D5009F206D /* TransactionUsecase */,
			);
			path = Usecase;
			sourceTree = "<group>";
		};
		2AA2457C29A8A738007BBE2D /* Entity */ = {
			isa = PBXGroup;
			children = (
				2AA2457D29A8A744007BBE2D /* User.swift */,
				2AA2458829ACAF75007BBE2D /* Transaction.swift */,
				2AA2458A29ACAF7E007BBE2D /* Analysis.swift */,
				2AA2458C29ACAF88007BBE2D /* ExpendatureCategory.swift */,
				2A7B9F6829C18A8700A9BFAE /* Budget.swift */,
			);
			path = Entity;
			sourceTree = "<group>";
		};
		2AA2458E29ACAFA7007BBE2D /* UserUsecase */ = {
			isa = PBXGroup;
			children = (
				2AA2458129A8A77A007BBE2D /* UserSignUp.swift */,
				2AA2457F29A8A76D007BBE2D /* UserSignIn.swift */,
				2A7B9F5429C0688900A9BFAE /* UpdateUser.swift */,
			);
			path = UserUsecase;
			sourceTree = "<group>";
		};
		2AD9238B29ACC1D5009F206D /* TransactionUsecase */ = {
			isa = PBXGroup;
			children = (
				2AD9238C29ACC1F4009F206D /* AddTransaction.swift */,
				2AD9238E29ACC201009F206D /* GetAllTransaction.swift */,
				2AD9239829ACC2A3009F206D /* UpdateTransaction.swift */,
				2A7B9F5C29C09D9300A9BFAE /* DeleteTransaction.swift */,
				2A7B9F8129C1BD1B00A9BFAE /* AddMonthlyAnalysisTransaction.swift */,
			);
			path = TransactionUsecase;
			sourceTree = "<group>";
		};
		2AD9239A29ACC2B1009F206D /* AnalysisUsecase */ = {
			isa = PBXGroup;
			children = (
				2AD923A129ACC2F9009F206D /* GetTransationAnalysis.swift */,
			);
			path = AnalysisUsecase;
			sourceTree = "<group>";
		};
		2AD923A529ACC31A009F206D /* CategoryUsecase */ = {
			isa = PBXGroup;
			children = (
				2AD923A629ACC33D009F206D /* GetCategory.swift */,
				2AD923A829ACC35A009F206D /* AddCategory.swift */,
			);
			path = CategoryUsecase;
			sourceTree = "<group>";
		};
		C9F41DE2A9CCF56762C65A56 /* Frameworks */ = {
			isa = PBXGroup;
			children = (
				92609B08A001B65EC26D7F51 /* Pods_ExpenseTrackerBackend.framework */,
			);
			name = Frameworks;
			sourceTree = "<group>";
		};
		EFD4CE12575D8940ABDB8EA2 /* Pods */ = {
			isa = PBXGroup;
			children = (
				6A4321E80BB61828A7CC51C5 /* Pods-ExpenseTrackerBackend.debug.xcconfig */,
				23FC0F295655A2431F85905D /* Pods-ExpenseTrackerBackend.release.xcconfig */,
			);
			name = Pods;
			path = ../Pods;
			sourceTree = "<group>";
		};
/* End PBXGroup section */

/* Begin PBXHeadersBuildPhase section */
		2AA2454129A8A2F4007BBE2D /* Headers */ = {
			isa = PBXHeadersBuildPhase;
			buildActionMask = 2147483647;
			files = (
				2AA2454A29A8A2F4007BBE2D /* ExpenseTrackerBackend.h in Headers */,
			);
			runOnlyForDeploymentPostprocessing = 0;
		};
/* End PBXHeadersBuildPhase section */

/* Begin PBXNativeTarget section */
		2AA2454529A8A2F4007BBE2D /* ExpenseTrackerBackend */ = {
			isa = PBXNativeTarget;
			buildConfigurationList = 2AA2454D29A8A2F4007BBE2D /* Build configuration list for PBXNativeTarget "ExpenseTrackerBackend" */;
			buildPhases = (
				85A951438FF39DEE8FBBFAF1 /* [CP] Check Pods Manifest.lock */,
				2AA2454129A8A2F4007BBE2D /* Headers */,
				2AA2454229A8A2F4007BBE2D /* Sources */,
				2AA2454329A8A2F4007BBE2D /* Frameworks */,
				2AA2454429A8A2F4007BBE2D /* Resources */,
			);
			buildRules = (
			);
			dependencies = (
			);
			name = ExpenseTrackerBackend;
			productName = ExpenseTrackerBackend;
			productReference = 2AA2454629A8A2F4007BBE2D /* ExpenseTrackerBackend.framework */;
			productType = "com.apple.product-type.framework";
		};
/* End PBXNativeTarget section */

/* Begin PBXProject section */
		2AA2453D29A8A2F4007BBE2D /* Project object */ = {
			isa = PBXProject;
			attributes = {
				BuildIndependentTargetsInParallel = 1;
				LastUpgradeCheck = 1420;
				TargetAttributes = {
					2AA2454529A8A2F4007BBE2D = {
						CreatedOnToolsVersion = 14.2;
						LastSwiftMigration = 1420;
					};
				};
			};
			buildConfigurationList = 2AA2454029A8A2F4007BBE2D /* Build configuration list for PBXProject "ExpenseTrackerBackend" */;
			compatibilityVersion = "Xcode 14.0";
			developmentRegion = en;
			hasScannedForEncodings = 0;
			knownRegions = (
				en,
				Base,
			);
			mainGroup = 2AA2453C29A8A2F4007BBE2D;
			productRefGroup = 2AA2454729A8A2F4007BBE2D /* Products */;
			projectDirPath = "";
			projectRoot = "";
			targets = (
				2AA2454529A8A2F4007BBE2D /* ExpenseTrackerBackend */,
			);
		};
/* End PBXProject section */

/* Begin PBXResourcesBuildPhase section */
		2AA2454429A8A2F4007BBE2D /* Resources */ = {
			isa = PBXResourcesBuildPhase;
			buildActionMask = 2147483647;
			files = (
			);
			runOnlyForDeploymentPostprocessing = 0;
		};
/* End PBXResourcesBuildPhase section */

/* Begin PBXShellScriptBuildPhase section */
		85A951438FF39DEE8FBBFAF1 /* [CP] Check Pods Manifest.lock */ = {
			isa = PBXShellScriptBuildPhase;
			buildActionMask = 2147483647;
			files = (
			);
			inputFileListPaths = (
			);
			inputPaths = (
				"${PODS_PODFILE_DIR_PATH}/Podfile.lock",
				"${PODS_ROOT}/Manifest.lock",
			);
			name = "[CP] Check Pods Manifest.lock";
			outputFileListPaths = (
			);
			outputPaths = (
				"$(DERIVED_FILE_DIR)/Pods-ExpenseTrackerBackend-checkManifestLockResult.txt",
			);
			runOnlyForDeploymentPostprocessing = 0;
			shellPath = /bin/sh;
			shellScript = "diff \"${PODS_PODFILE_DIR_PATH}/Podfile.lock\" \"${PODS_ROOT}/Manifest.lock\" > /dev/null\nif [ $? != 0 ] ; then\n    # print error to STDERR\n    echo \"error: The sandbox is not in sync with the Podfile.lock. Run 'pod install' or update your CocoaPods installation.\" >&2\n    exit 1\nfi\n# This output is used by Xcode 'outputs' to avoid re-running this script phase.\necho \"SUCCESS\" > \"${SCRIPT_OUTPUT_FILE_0}\"\n";
			showEnvVarsInLog = 0;
		};
/* End PBXShellScriptBuildPhase section */

/* Begin PBXSourcesBuildPhase section */
		2AA2454229A8A2F4007BBE2D /* Sources */ = {
			isa = PBXSourcesBuildPhase;
			buildActionMask = 2147483647;
			files = (
				2A7B9F8229C1BD1B00A9BFAE /* AddMonthlyAnalysisTransaction.swift in Sources */,
				2A7B9F7729C195DF00A9BFAE /* AddBudgetDatabase.swift in Sources */,
				2AD9238F29ACC201009F206D /* GetAllTransaction.swift in Sources */,
				2AD9239929ACC2A3009F206D /* UpdateTransaction.swift in Sources */,
				2AA2458B29ACAF7E007BBE2D /* Analysis.swift in Sources */,
				2A7B9F5929C0810300A9BFAE /* UpdateUserDatabase.swift in Sources */,
				2A16148C29B8B780005E999E /* GetAllTransactionDatabase.swift in Sources */,
				2A16148A29B8B586005E999E /* GetTransactionDataManager.swift in Sources */,
				2A16147E29B7645C005E999E /* AddCategoryDataManager.swift in Sources */,
				2A16149229BB0F60005E999E /* GetTransactionAnalysisDataManager.swift in Sources */,
				2AD923A729ACC33D009F206D /* GetCategory.swift in Sources */,
				2A7B9F5729C06C2600A9BFAE /* UpdateUserDataManager.swift in Sources */,
				2A7B9F5D29C09D9300A9BFAE /* DeleteTransaction.swift in Sources */,
				2AA2458729A8A7ED007BBE2D /* UserDataContract.swift in Sources */,
				2AADB00429B5FF9C00F7962D /* CategoryDataContract.swift in Sources */,
				2A7B9F5F29C09FCE00A9BFAE /* DeleteTransactionDataManager.swift in Sources */,
				2AD923A929ACC35A009F206D /* AddCategory.swift in Sources */,
				2A7B9F6E29C1922200A9BFAE /* AddBudget.swift in Sources */,
				2AA2458929ACAF75007BBE2D /* Transaction.swift in Sources */,
				2A7B9F6929C18A8700A9BFAE /* Budget.swift in Sources */,
				2AADB00A29B618BA00F7962D /* GetCategoryDatabaseService.swift in Sources */,
				2AD923A229ACC2F9009F206D /* GetTransationAnalysis.swift in Sources */,
				2AA2457729A8A6C8007BBE2D /* UserSignUpDataManager.swift in Sources */,
				2A16148029B76891005E999E /* AddTransactionDatabaseService.swift in Sources */,
				2AADAFF629B1E54A00F7962D /* TransactionDataContract.swift in Sources */,
				2A7B9F4B29C040A200A9BFAE /* UpdateTransactionDataManager.swift in Sources */,
				2AA2458229A8A77A007BBE2D /* UserSignUp.swift in Sources */,
				2A7B9F5529C0688900A9BFAE /* UpdateUser.swift in Sources */,
				2AADAFEF29B0CC1200F7962D /* AddTransactionDatabase.swift in Sources */,
				2A7B9F4D29C048CD00A9BFAE /* UpdateTransactionDatabase.swift in Sources */,
				2AADAFE329AF3C8A00F7962D /* GetUserDatabase.swift in Sources */,
				2AA2457029A8A661007BBE2D /* AddUserDatabase.swift in Sources */,
				2AD9238D29ACC1F4009F206D /* AddTransaction.swift in Sources */,
				2AADB00E29B6194000F7962D /* CategoryDatabase.swift in Sources */,
				2AADB00729B604FC00F7962D /* GetCategoryDataManager.swift in Sources */,
				2A7B9F8429C1BE8300A9BFAE /* AddMonthlyAnalysisTransactionDataManager.swift in Sources */,
				2A7B9F7929C195F800A9BFAE /* BudgetDatabase.swift in Sources */,
				2AA2458029A8A76D007BBE2D /* UserSignIn.swift in Sources */,
				2A7B9F7129C1933200A9BFAE /* BudgetDataContract.swift in Sources */,
				2A7B9F6129C0A0E900A9BFAE /* DeleteTransactionDatabase.swift in Sources */,
				2AA2456C29A8A630007BBE2D /* Database.swift in Sources */,
				2AA2457529A8A6B9007BBE2D /* UserSignInDataManager.swift in Sources */,
				2AA2457929A8A6F7007BBE2D /* DatabaseContract.swift in Sources */,
				2A16148F29BB0A36005E999E /* AnalysisDataContract.swift in Sources */,
				2AA2456E29A8A657007BBE2D /* UserDatabase.swift in Sources */,
				2AADAFF129B0CCBE00F7962D /* TransactionDatabase.swift in Sources */,
				2A16149729BB14F7005E999E /* GetTransactionAnalysisDatabase.swift in Sources */,
				2AA2457E29A8A744007BBE2D /* User.swift in Sources */,
				2AA2458D29ACAF88007BBE2D /* ExpendatureCategory.swift in Sources */,
				2A7B9F8629C1BF5F00A9BFAE /* AddMonthlyAnalysisTransactionDatabase.swift in Sources */,
				2A7B9F7429C1949800A9BFAE /* AddBudgetDataManager.swift in Sources */,
				2AADAFF329B1DE6700F7962D /* AddTransactionDataManager.swift in Sources */,
			);
			runOnlyForDeploymentPostprocessing = 0;
		};
/* End PBXSourcesBuildPhase section */

/* Begin XCBuildConfiguration section */
		2AA2454B29A8A2F4007BBE2D /* Debug */ = {
			isa = XCBuildConfiguration;
			buildSettings = {
				ALWAYS_SEARCH_USER_PATHS = NO;
				CLANG_ANALYZER_NONNULL = YES;
				CLANG_ANALYZER_NUMBER_OBJECT_CONVERSION = YES_AGGRESSIVE;
				CLANG_CXX_LANGUAGE_STANDARD = "gnu++20";
				CLANG_ENABLE_MODULES = YES;
				CLANG_ENABLE_OBJC_ARC = YES;
				CLANG_ENABLE_OBJC_WEAK = YES;
				CLANG_WARN_BLOCK_CAPTURE_AUTORELEASING = YES;
				CLANG_WARN_BOOL_CONVERSION = YES;
				CLANG_WARN_COMMA = YES;
				CLANG_WARN_CONSTANT_CONVERSION = YES;
				CLANG_WARN_DEPRECATED_OBJC_IMPLEMENTATIONS = YES;
				CLANG_WARN_DIRECT_OBJC_ISA_USAGE = YES_ERROR;
				CLANG_WARN_DOCUMENTATION_COMMENTS = YES;
				CLANG_WARN_EMPTY_BODY = YES;
				CLANG_WARN_ENUM_CONVERSION = YES;
				CLANG_WARN_INFINITE_RECURSION = YES;
				CLANG_WARN_INT_CONVERSION = YES;
				CLANG_WARN_NON_LITERAL_NULL_CONVERSION = YES;
				CLANG_WARN_OBJC_IMPLICIT_RETAIN_SELF = YES;
				CLANG_WARN_OBJC_LITERAL_CONVERSION = YES;
				CLANG_WARN_OBJC_ROOT_CLASS = YES_ERROR;
				CLANG_WARN_QUOTED_INCLUDE_IN_FRAMEWORK_HEADER = YES;
				CLANG_WARN_RANGE_LOOP_ANALYSIS = YES;
				CLANG_WARN_STRICT_PROTOTYPES = YES;
				CLANG_WARN_SUSPICIOUS_MOVE = YES;
				CLANG_WARN_UNGUARDED_AVAILABILITY = YES_AGGRESSIVE;
				CLANG_WARN_UNREACHABLE_CODE = YES;
				CLANG_WARN__DUPLICATE_METHOD_MATCH = YES;
				COPY_PHASE_STRIP = NO;
				CURRENT_PROJECT_VERSION = 1;
				DEBUG_INFORMATION_FORMAT = dwarf;
				ENABLE_STRICT_OBJC_MSGSEND = YES;
				ENABLE_TESTABILITY = YES;
				GCC_C_LANGUAGE_STANDARD = gnu11;
				GCC_DYNAMIC_NO_PIC = NO;
				GCC_NO_COMMON_BLOCKS = YES;
				GCC_OPTIMIZATION_LEVEL = 0;
				GCC_PREPROCESSOR_DEFINITIONS = (
					"DEBUG=1",
					"$(inherited)",
				);
				GCC_WARN_64_TO_32_BIT_CONVERSION = YES;
				GCC_WARN_ABOUT_RETURN_TYPE = YES_ERROR;
				GCC_WARN_UNDECLARED_SELECTOR = YES;
				GCC_WARN_UNINITIALIZED_AUTOS = YES_AGGRESSIVE;
				GCC_WARN_UNUSED_FUNCTION = YES;
				GCC_WARN_UNUSED_VARIABLE = YES;
				MACOSX_DEPLOYMENT_TARGET = 13.1;
				MTL_ENABLE_DEBUG_INFO = INCLUDE_SOURCE;
				MTL_FAST_MATH = YES;
				ONLY_ACTIVE_ARCH = YES;
				SDKROOT = macosx;
				SWIFT_ACTIVE_COMPILATION_CONDITIONS = DEBUG;
				SWIFT_OPTIMIZATION_LEVEL = "-Onone";
				VERSIONING_SYSTEM = "apple-generic";
				VERSION_INFO_PREFIX = "";
			};
			name = Debug;
		};
		2AA2454C29A8A2F4007BBE2D /* Release */ = {
			isa = XCBuildConfiguration;
			buildSettings = {
				ALWAYS_SEARCH_USER_PATHS = NO;
				CLANG_ANALYZER_NONNULL = YES;
				CLANG_ANALYZER_NUMBER_OBJECT_CONVERSION = YES_AGGRESSIVE;
				CLANG_CXX_LANGUAGE_STANDARD = "gnu++20";
				CLANG_ENABLE_MODULES = YES;
				CLANG_ENABLE_OBJC_ARC = YES;
				CLANG_ENABLE_OBJC_WEAK = YES;
				CLANG_WARN_BLOCK_CAPTURE_AUTORELEASING = YES;
				CLANG_WARN_BOOL_CONVERSION = YES;
				CLANG_WARN_COMMA = YES;
				CLANG_WARN_CONSTANT_CONVERSION = YES;
				CLANG_WARN_DEPRECATED_OBJC_IMPLEMENTATIONS = YES;
				CLANG_WARN_DIRECT_OBJC_ISA_USAGE = YES_ERROR;
				CLANG_WARN_DOCUMENTATION_COMMENTS = YES;
				CLANG_WARN_EMPTY_BODY = YES;
				CLANG_WARN_ENUM_CONVERSION = YES;
				CLANG_WARN_INFINITE_RECURSION = YES;
				CLANG_WARN_INT_CONVERSION = YES;
				CLANG_WARN_NON_LITERAL_NULL_CONVERSION = YES;
				CLANG_WARN_OBJC_IMPLICIT_RETAIN_SELF = YES;
				CLANG_WARN_OBJC_LITERAL_CONVERSION = YES;
				CLANG_WARN_OBJC_ROOT_CLASS = YES_ERROR;
				CLANG_WARN_QUOTED_INCLUDE_IN_FRAMEWORK_HEADER = YES;
				CLANG_WARN_RANGE_LOOP_ANALYSIS = YES;
				CLANG_WARN_STRICT_PROTOTYPES = YES;
				CLANG_WARN_SUSPICIOUS_MOVE = YES;
				CLANG_WARN_UNGUARDED_AVAILABILITY = YES_AGGRESSIVE;
				CLANG_WARN_UNREACHABLE_CODE = YES;
				CLANG_WARN__DUPLICATE_METHOD_MATCH = YES;
				COPY_PHASE_STRIP = NO;
				CURRENT_PROJECT_VERSION = 1;
				DEBUG_INFORMATION_FORMAT = "dwarf-with-dsym";
				ENABLE_NS_ASSERTIONS = NO;
				ENABLE_STRICT_OBJC_MSGSEND = YES;
				GCC_C_LANGUAGE_STANDARD = gnu11;
				GCC_NO_COMMON_BLOCKS = YES;
				GCC_WARN_64_TO_32_BIT_CONVERSION = YES;
				GCC_WARN_ABOUT_RETURN_TYPE = YES_ERROR;
				GCC_WARN_UNDECLARED_SELECTOR = YES;
				GCC_WARN_UNINITIALIZED_AUTOS = YES_AGGRESSIVE;
				GCC_WARN_UNUSED_FUNCTION = YES;
				GCC_WARN_UNUSED_VARIABLE = YES;
				MACOSX_DEPLOYMENT_TARGET = 13.1;
				MTL_ENABLE_DEBUG_INFO = NO;
				MTL_FAST_MATH = YES;
				SDKROOT = macosx;
				SWIFT_COMPILATION_MODE = wholemodule;
				SWIFT_OPTIMIZATION_LEVEL = "-O";
				VERSIONING_SYSTEM = "apple-generic";
				VERSION_INFO_PREFIX = "";
			};
			name = Release;
		};
		2AA2454E29A8A2F4007BBE2D /* Debug */ = {
			isa = XCBuildConfiguration;
			baseConfigurationReference = 6A4321E80BB61828A7CC51C5 /* Pods-ExpenseTrackerBackend.debug.xcconfig */;
			buildSettings = {
				CLANG_ENABLE_MODULES = YES;
				CODE_SIGN_STYLE = Automatic;
				COMBINE_HIDPI_IMAGES = YES;
				CURRENT_PROJECT_VERSION = 1;
				DEFINES_MODULE = YES;
				DYLIB_COMPATIBILITY_VERSION = 1;
				DYLIB_CURRENT_VERSION = 1;
				DYLIB_INSTALL_NAME_BASE = "@rpath";
				GENERATE_INFOPLIST_FILE = YES;
				INFOPLIST_KEY_NSHumanReadableCopyright = "";
				INSTALL_PATH = "$(LOCAL_LIBRARY_DIR)/Frameworks";
				LD_RUNPATH_SEARCH_PATHS = (
					"$(inherited)",
					"@executable_path/../Frameworks",
					"@loader_path/Frameworks",
				);
				MARKETING_VERSION = 1.0;
				PRODUCT_BUNDLE_IDENTIFIER = Demo.ExpenseTrackerBackend;
				PRODUCT_NAME = "$(TARGET_NAME:c99extidentifier)";
				SKIP_INSTALL = YES;
				SWIFT_EMIT_LOC_STRINGS = YES;
				SWIFT_OPTIMIZATION_LEVEL = "-Onone";
				SWIFT_VERSION = 5.0;
			};
			name = Debug;
		};
		2AA2454F29A8A2F4007BBE2D /* Release */ = {
			isa = XCBuildConfiguration;
			baseConfigurationReference = 23FC0F295655A2431F85905D /* Pods-ExpenseTrackerBackend.release.xcconfig */;
			buildSettings = {
				CLANG_ENABLE_MODULES = YES;
				CODE_SIGN_STYLE = Automatic;
				COMBINE_HIDPI_IMAGES = YES;
				CURRENT_PROJECT_VERSION = 1;
				DEFINES_MODULE = YES;
				DYLIB_COMPATIBILITY_VERSION = 1;
				DYLIB_CURRENT_VERSION = 1;
				DYLIB_INSTALL_NAME_BASE = "@rpath";
				GENERATE_INFOPLIST_FILE = YES;
				INFOPLIST_KEY_NSHumanReadableCopyright = "";
				INSTALL_PATH = "$(LOCAL_LIBRARY_DIR)/Frameworks";
				LD_RUNPATH_SEARCH_PATHS = (
					"$(inherited)",
					"@executable_path/../Frameworks",
					"@loader_path/Frameworks",
				);
				MARKETING_VERSION = 1.0;
				PRODUCT_BUNDLE_IDENTIFIER = Demo.ExpenseTrackerBackend;
				PRODUCT_NAME = "$(TARGET_NAME:c99extidentifier)";
				SKIP_INSTALL = YES;
				SWIFT_EMIT_LOC_STRINGS = YES;
				SWIFT_VERSION = 5.0;
			};
			name = Release;
		};
/* End XCBuildConfiguration section */

/* Begin XCConfigurationList section */
		2AA2454029A8A2F4007BBE2D /* Build configuration list for PBXProject "ExpenseTrackerBackend" */ = {
			isa = XCConfigurationList;
			buildConfigurations = (
				2AA2454B29A8A2F4007BBE2D /* Debug */,
				2AA2454C29A8A2F4007BBE2D /* Release */,
			);
			defaultConfigurationIsVisible = 0;
			defaultConfigurationName = Release;
		};
		2AA2454D29A8A2F4007BBE2D /* Build configuration list for PBXNativeTarget "ExpenseTrackerBackend" */ = {
			isa = XCConfigurationList;
			buildConfigurations = (
				2AA2454E29A8A2F4007BBE2D /* Debug */,
				2AA2454F29A8A2F4007BBE2D /* Release */,
			);
			defaultConfigurationIsVisible = 0;
			defaultConfigurationName = Release;
		};
/* End XCConfigurationList section */
	};
	rootObject = 2AA2453D29A8A2F4007BBE2D /* Project object */;
}
